/media/brainlab-uwo/Data1/Results/pipeline_test_3/derivatives/17017/func/17017_task-rest_space-MNI152NLin2009cAsym_desc-preproc_bold.nii.gz
/media/brainlab-uwo/Data1/Results/pipeline_test_3/derivatives/17017/func/17017_task-rest_desc-confounds_timeseries.tsv
/media/brainlab-uwo/Data1/Results/pipeline_test_3/derivatives/17017/func/17017_task-rest_space-MNI152NLin2009cAsym_desc-brain_mask.nii.gz
/media/brainlab-uwo/Data1/Results/pipeline_test_3/derivatives/17017.html
